
Microsoft Visual Studio Solution File, Format Version 12.00
# Visual Studio Version 17
VisualStudioVersion = 17.5.33627.172
MinimumVisualStudioVersion = 10.0.40219.1
Project("{9A19103F-16F7-4668-BE54-9A1E7A4F7556}") = "SubscriptionManagement.Api", "SubscriptionManagementWebApi\SubscriptionManagement.Api.csproj", "{F2EE5F2B-BB49-4044-A083-F685B071CBC7}"
EndProject
Project("{9A19103F-16F7-4668-BE54-9A1E7A4F7556}") = "SubscriptionManagement.Domain", "SubscriptionManagement.Domain\SubscriptionManagement.Domain.csproj", "{5409E70C-589A-4862-B435-EF54014E7EA7}"
EndProject
Project("{9A19103F-16F7-4668-BE54-9A1E7A4F7556}") = "SubscriptionManagement.Infrastructure", "SubscriptionManagement.Infrastracture\SubscriptionManagement.Infrastructure.csproj", "{A833D8C9-3757-43F8-A375-589DDA925863}"
EndProject
Project("{FAE04EC0-301F-11D3-BF4B-00C04F79EFBC}") = "SubscriptionManagement.IntegrationTests", "SubscriptionManagement.IntegrationTests\SubscriptionManagement.IntegrationTests.csproj", "{9F5D0530-6A85-437E-A336-C764D3A360E5}"
EndProject
Project("{FAE04EC0-301F-11D3-BF4B-00C04F79EFBC}") = "SubscriptionManagement.Domain.UnitTest", "SubscriptionManagement.Domain.UnitTest\SubscriptionManagement.Domain.UnitTest.csproj", "{F1FD041B-B0F8-4004-BF7A-9D967EC183CF}"
EndProject
Global
	GlobalSection(SolutionConfigurationPlatforms) = preSolution
		Debug|Any CPU = Debug|Any CPU
		Release|Any CPU = Release|Any CPU
	EndGlobalSection
	GlobalSection(ProjectConfigurationPlatforms) = postSolution
		{F2EE5F2B-BB49-4044-A083-F685B071CBC7}.Debug|Any CPU.ActiveCfg = Debug|Any CPU
		{F2EE5F2B-BB49-4044-A083-F685B071CBC7}.Debug|Any CPU.Build.0 = Debug|Any CPU
		{F2EE5F2B-BB49-4044-A083-F685B071CBC7}.Release|Any CPU.ActiveCfg = Release|Any CPU
		{F2EE5F2B-BB49-4044-A083-F685B071CBC7}.Release|Any CPU.Build.0 = Release|Any CPU
		{5409E70C-589A-4862-B435-EF54014E7EA7}.Debug|Any CPU.ActiveCfg = Debug|Any CPU
		{5409E70C-589A-4862-B435-EF54014E7EA7}.Debug|Any CPU.Build.0 = Debug|Any CPU
		{5409E70C-589A-4862-B435-EF54014E7EA7}.Release|Any CPU.ActiveCfg = Release|Any CPU
		{5409E70C-589A-4862-B435-EF54014E7EA7}.Release|Any CPU.Build.0 = Release|Any CPU
		{A833D8C9-3757-43F8-A375-589DDA925863}.Debug|Any CPU.ActiveCfg = Debug|Any CPU
		{A833D8C9-3757-43F8-A375-589DDA925863}.Debug|Any CPU.Build.0 = Debug|Any CPU
		{A833D8C9-3757-43F8-A375-589DDA925863}.Release|Any CPU.ActiveCfg = Release|Any CPU
		{A833D8C9-3757-43F8-A375-589DDA925863}.Release|Any CPU.Build.0 = Release|Any CPU
		{9F5D0530-6A85-437E-A336-C764D3A360E5}.Debug|Any CPU.ActiveCfg = Debug|Any CPU
		{9F5D0530-6A85-437E-A336-C764D3A360E5}.Debug|Any CPU.Build.0 = Debug|Any CPU
		{9F5D0530-6A85-437E-A336-C764D3A360E5}.Release|Any CPU.ActiveCfg = Release|Any CPU
		{9F5D0530-6A85-437E-A336-C764D3A360E5}.Release|Any CPU.Build.0 = Release|Any CPU
		{F1FD041B-B0F8-4004-BF7A-9D967EC183CF}.Debug|Any CPU.ActiveCfg = Debug|Any CPU
		{F1FD041B-B0F8-4004-BF7A-9D967EC183CF}.Debug|Any CPU.Build.0 = Debug|Any CPU
		{F1FD041B-B0F8-4004-BF7A-9D967EC183CF}.Release|Any CPU.ActiveCfg = Release|Any CPU
		{F1FD041B-B0F8-4004-BF7A-9D967EC183CF}.Release|Any CPU.Build.0 = Release|Any CPU
	EndGlobalSection
	GlobalSection(SolutionProperties) = preSolution
		HideSolutionNode = FALSE
	EndGlobalSection
	GlobalSection(ExtensibilityGlobals) = postSolution
		SolutionGuid = {B0423DD2-D2F8-448C-8738-8DE0123E4BD4}
	EndGlobalSection
EndGlobal
